{
  "name": "frontend",
  "lockfileVersion": 3,
  "requires": true,
  "packages": {
    "": {
      "dependencies": {
        "ace-builds": "^1.41.0"
      }
    },
    "node_modules/ace-builds": {
      "version": "1.41.0",
      "resolved": "https://registry.npmjs.org/ace-builds/-/ace-builds-1.41.0.tgz",
      "integrity": "sha512-tiEUfw7V/FpHuI4tG7KS+muOTMIuPh6zReBAD2Uqhe9t00tLeyVGxjXu0tSqz5OIPWy7/wvuJBVXAsNWx0rYvQ==",
      "license": "BSD-3-Clause"
    }
  }
}
